
{
    "guzzlehttp/guzzle": {
        "version": "6.3.0"
    },
    "guzzlehttp/promises": {
        "version": "v1.3.1"
    },
    "guzzlehttp/psr7": {
        "version": "1.4.2"
    },
    "kornrunner/keccak": {
        "version": "dev-master"
    },
    "paragonie/constant_time_encoding": {
        "version": "v1.0.1"
    },
    "paragonie/random_compat": {
        "version": "v2.0.11"
    },
    "phpseclib/phpseclib": {
        "version": "dev-master"
    },
    "psr/cache": {
        "version": "1.0.1"
    },
    "psr/container": {
        "version": "1.0.0"
    },
    "psr/http-message": {
        "version": "1.0.1"
    },
    "psr/log": {
        "version": "1.0.2"
    },
    "psr/simple-cache": {
        "version": "1.0.0"
    },
    "sc0vu/web3.php": {
        "version": "dev-master"
    },
    "symfony/cache": {
        "version": "v3.4.2"
    },
    "symfony/class-loader": {
        "version": "v3.4.2"
    },
    "symfony/config": {
        "version": "v3.4.2"
    },
    "symfony/console": {
        "version": "3.3",
        "recipe": {
            "repo": "github.com/symfony/recipes",
            "branch": "master",
            "version": "3.3",
            "ref": "9f94d3ea453cd8a3b95db7f82592d7344fe3a76a"
        }
    },
    "symfony/debug": {
        "version": "v3.4.2"
    },
    "symfony/dependency-injection": {